
Microsoft Visual Studio Solution File, Format Version 12.00
# Visual Studio Version 16
VisualStudioVersion = 16.0.29806.167
MinimumVisualStudioVersion = 10.0.40219.1
Project("{9A19103F-16F7-4668-BE54-9A1E7A4F7556}") = "RazorPagesWebShop", "RazorPagesWebShop.csproj", "{ACD552B0-7462-4615-9D22-FC96F8B47C3F}"
EndProject
Global
	GlobalSection(SolutionConfigurationPlatforms) = preSolution
		Debug|Any CPU = Debug|Any CPU
		Release|Any CPU = Release|Any CPU
	EndGlobalSection
	GlobalSection(ProjectConfigurationPlatforms) = postSolution
		{ACD552B0-7462-4615-9D22-FC96F8B47C3F}.Debug|Any CPU.ActiveCfg = Debug|Any CPU
		{ACD552B0-7462-4615-9D22-FC96F8B47C3F}.Debug|Any CPU.Build.0 = Debug|Any CPU
		{ACD552B0-7462-4615-9D22-FC96F8B47C3F}.Release|Any CPU.ActiveCfg = Release|Any CPU
		{ACD552B0-7462-4615-9D22-FC96F8B47C3F}.Release|Any CPU.Build.0 = Release|Any CPU
	EndGlobalSection
	GlobalSection(SolutionProperties) = preSolution
		HideSolutionNode = FALSE
	EndGlobalSection
	GlobalSection(ExtensibilityGlobals) = postSolution
		SolutionGuid = {688E281F-FBEA-4307-987C-9355E4328511}
	EndGlobalSection
EndGlobal
